// !$*UTF8*$!
{
	archiveVersion = 1;
	classes = {
	};
	objectVersion = 56;
	objects = {

/* Begin PBXBuildFile section */
		A36DAAF82D03B2DA00EDCA4B /* AppDelegate.swift in Sources */ = {isa = PBXBuildFile; fileRef = A36DAAF72D03B2DA00EDCA4B /* AppDelegate.swift */; };
		A36DAAFA2D03B2DA00EDCA4B /* SceneDelegate.swift in Sources */ = {isa = PBXBuildFile; fileRef = A36DAAF92D03B2DA00EDCA4B /* SceneDelegate.swift */; };
		A36DAAFC2D03B2DA00EDCA4B /* ViewController.swift in Sources */ = {isa = PBXBuildFile; fileRef = A36DAAFB2D03B2DA00EDCA4B /* ViewController.swift */; };
		A36DAB012D03B2DC00EDCA4B /* Assets.xcassets in Resources */ = {isa = PBXBuildFile; fileRef = A36DAB002D03B2DC00EDCA4B /* Assets.xcassets */; };
		A36DAB042D03B2DC00EDCA4B /* LaunchScreen.storyboard in Resources */ = {isa = PBXBuildFile; fileRef = A36DAB022D03B2DC00EDCA4B /* LaunchScreen.storyboard */; };
		A36DAB0F2D03B2DD00EDCA4B /* NewsAppTests.swift in Sources */ = {isa = PBXBuildFile; fileRef = A36DAB0E2D03B2DD00EDCA4B /* NewsAppTests.swift */; };
		A36DAB192D03B2DD00EDCA4B /* NewsAppUITests.swift in Sources */ = {isa = PBXBuildFile; fileRef = A36DAB182D03B2DD00EDCA4B /* NewsAppUITests.swift */; };
		A36DAB1B2D03B2DD00EDCA4B /* NewsAppUITestsLaunchTests.swift in Sources */ = {isa = PBXBuildFile; fileRef = A36DAB1A2D03B2DD00EDCA4B /* NewsAppUITestsLaunchTests.swift */; };
		A36DAB292D03BBFE00EDCA4B /* NewsArticle.swift in Sources */ = {isa = PBXBuildFile; fileRef = A36DAB282D03BBFE00EDCA4B /* NewsArticle.swift */; };
		A36DAB2D2D03C12700EDCA4B /* NewsListViewModel.swift in Sources */ = {isa = PBXBuildFile; fileRef = A36DAB2C2D03C12700EDCA4B /* NewsListViewModel.swift */; };
		A36DAB2F2D03C38100EDCA4B /* NewsListViewController.swift in Sources */ = {isa = PBXBuildFile; fileRef = A36DAB2E2D03C38100EDCA4B /* NewsListViewController.swift */; };
		A36DAB322D03C48300EDCA4B /* SnapKit in Frameworks */ = {isa = PBXBuildFile; productRef = A36DAB312D03C48300EDCA4B /* SnapKit */; };
		A36DAB342D03C48300EDCA4B /* SnapKit-Dynamic in Frameworks */ = {isa = PBXBuildFile; productRef = A36DAB332D03C48300EDCA4B /* SnapKit-Dynamic */; };
		A36DAB362D03D31C00EDCA4B /* NewsListTableViewCell.swift in Sources */ = {isa = PBXBuildFile; fileRef = A36DAB352D03D31C00EDCA4B /* NewsListTableViewCell.swift */; };
/* End PBXBuildFile section */

/* Begin PBXContainerItemProxy section */
		A36DAB0B2D03B2DD00EDCA4B /* PBXContainerItemProxy */ = {
			isa = PBXContainerItemProxy;
			containerPortal = A36DAAEC2D03B2DA00EDCA4B /* Project object */;
			proxyType = 1;
			remoteGlobalIDString = A36DAAF32D03B2DA00EDCA4B;
			remoteInfo = NewsApp;
		};
		A36DAB152D03B2DD00EDCA4B /* PBXContainerItemProxy */ = {
			isa = PBXContainerItemProxy;
			containerPortal = A36DAAEC2D03B2DA00EDCA4B /* Project object */;
			proxyType = 1;
			remoteGlobalIDString = A36DAAF32D03B2DA00EDCA4B;
			remoteInfo = NewsApp;
		};
/* End PBXContainerItemProxy section */

/* Begin PBXFileReference section */
		A36DAAF42D03B2DA00EDCA4B /* NewsApp.app */ = {isa = PBXFileReference; explicitFileType = wrapper.application; includeInIndex = 0; path = NewsApp.app; sourceTree = BUILT_PRODUCTS_DIR; };
		A36DAAF72D03B2DA00EDCA4B /* AppDelegate.swift */ = {isa = PBXFileReference; lastKnownFileType = sourcecode.swift; path = AppDelegate.swift; sourceTree = "<group>"; };
		A36DAAF92D03B2DA00EDCA4B /* SceneDelegate.swift */ = {isa = PBXFileReference; lastKnownFileType = sourcecode.swift; path = SceneDelegate.swift; sourceTree = "<group>"; };
		A36DAAFB2D03B2DA00EDCA4B /* ViewController.swift */ = {isa = PBXFileReference; lastKnownFileType = sourcecode.swift; path = ViewController.swift; sourceTree = "<group>"; };
		A36DAB002D03B2DC00EDCA4B /* Assets.xcassets */ = {isa = PBXFileReference; lastKnownFileType = folder.assetcatalog; path = Assets.xcassets; sourceTree = "<group>"; };
		A36DAB032D03B2DC00EDCA4B /* Base */ = {isa = PBXFileReference; lastKnownFileType = file.storyboard; name = Base; path = Base.lproj/LaunchScreen.storyboard; sourceTree = "<group>"; };
		A36DAB052D03B2DC00EDCA4B /* Info.plist */ = {isa = PBXFileReference; lastKnownFileType = text.plist.xml; path = Info.plist; sourceTree = "<group>"; };
		A36DAB0A2D03B2DD00EDCA4B /* NewsAppTests.xctest */ = {isa = PBXFileReference; explicitFileType = wrapper.cfbundle; includeInIndex = 0; path = NewsAppTests.xctest; sourceTree = BUILT_PRODUCTS_DIR; };
		A36DAB0E2D03B2DD00EDCA4B /* NewsAppTests.swift */ = {isa = PBXFileReference; lastKnownFileType = sourcecode.swift; path = NewsAppTests.swift; sourceTree = "<group>"; };
		A36DAB142D03B2DD00EDCA4B /* NewsAppUITests.xctest */ = {isa = PBXFileReference; explicitFileType = wrapper.cfbundle; includeInIndex = 0; path = NewsAppUITests.xctest; sourceTree = BUILT_PRODUCTS_DIR; };
		A36DAB182D03B2DD00EDCA4B /* NewsAppUITests.swift */ = {isa = PBXFileReference; lastKnownFileType = sourcecode.swift; path = NewsAppUITests.swift; sourceTree = "<group>"; };
		A36DAB1A2D03B2DD00EDCA4B /* NewsAppUITestsLaunchTests.swift */ = {isa = PBXFileReference; lastKnownFileType = sourcecode.swift; path = NewsAppUITestsLaunchTests.swift; sourceTree = "<group>"; };
		A36DAB282D03BBFE00EDCA4B /* NewsArticle.swift */ = {isa = PBXFileReference; lastKnownFileType = sourcecode.swift; path = NewsArticle.swift; sourceTree = "<group>"; };
		A36DAB2C2D03C12700EDCA4B /* NewsListViewModel.swift */ = {isa = PBXFileReference; lastKnownFileType = sourcecode.swift; path = NewsListViewModel.swift; sourceTree = "<group>"; };
		A36DAB2E2D03C38100EDCA4B /* NewsListViewController.swift */ = {isa = PBXFileReference; lastKnownFileType = sourcecode.swift; path = NewsListViewController.swift; sourceTree = "<group>"; };
		A36DAB352D03D31C00EDCA4B /* NewsListTableViewCell.swift */ = {isa = PBXFileReference; lastKnownFileType = sourcecode.swift; path = NewsListTableViewCell.swift; sourceTree = "<group>"; };
/* End PBXFileReference section */

/* Begin PBXFrameworksBuildPhase section */
		A36DAAF12D03B2DA00EDCA4B /* Frameworks */ = {
			isa = PBXFrameworksBuildPhase;
			buildActionMask = 2147483647;
			files = (
				A36DAB322D03C48300EDCA4B /* SnapKit in Frameworks */,
				A36DAB342D03C48300EDCA4B /* SnapKit-Dynamic in Frameworks */,
			);
			runOnlyForDeploymentPostprocessing = 0;
		};
		A36DAB072D03B2DD00EDCA4B /* Frameworks */ = {
			isa = PBXFrameworksBuildPhase;
			buildActionMask = 2147483647;
			files = (
			);
			runOnlyForDeploymentPostprocessing = 0;
		};
		A36DAB112D03B2DD00EDCA4B /* Frameworks */ = {
			isa = PBXFrameworksBuildPhase;
			buildActionMask = 2147483647;
			files = (
			);
			runOnlyForDeploymentPostprocessing = 0;
		};
/* End PBXFrameworksBuildPhase section */

/* Begin PBXGroup section */
		A36DAAEB2D03B2DA00EDCA4B = {
			isa = PBXGroup;
			children = (
				A36DAAF62D03B2DA00EDCA4B /* NewsApp */,
				A36DAB0D2D03B2DD00EDCA4B /* NewsAppTests */,
				A36DAB172D03B2DD00EDCA4B /* NewsAppUITests */,
				A36DAAF52D03B2DA00EDCA4B /* Products */,
			);
			sourceTree = "<group>";
		};
		A36DAAF52D03B2DA00EDCA4B /* Products */ = {
			isa = PBXGroup;
			children = (
				A36DAAF42D03B2DA00EDCA4B /* NewsApp.app */,
				A36DAB0A2D03B2DD00EDCA4B /* NewsAppTests.xctest */,
				A36DAB142D03B2DD00EDCA4B /* NewsAppUITests.xctest */,
			);
			name = Products;
			sourceTree = "<group>";
		};
		A36DAAF62D03B2DA00EDCA4B /* NewsApp */ = {
			isa = PBXGroup;
			children = (
				A36DAAF72D03B2DA00EDCA4B /* AppDelegate.swift */,
				A36DAAF92D03B2DA00EDCA4B /* SceneDelegate.swift */,
				A36DAAFB2D03B2DA00EDCA4B /* ViewController.swift */,
				A36DAB2B2D03BD5100EDCA4B /* ViewModels */,
				A36DAB2A2D03BD4900EDCA4B /* Views */,
				A36DAB272D03BBE300EDCA4B /* Models */,
				A36DAB002D03B2DC00EDCA4B /* Assets.xcassets */,
				A36DAB022D03B2DC00EDCA4B /* LaunchScreen.storyboard */,
				A36DAB052D03B2DC00EDCA4B /* Info.plist */,
			);
			path = NewsApp;
			sourceTree = "<group>";
		};
		A36DAB0D2D03B2DD00EDCA4B /* NewsAppTests */ = {
			isa = PBXGroup;
			children = (
				A36DAB0E2D03B2DD00EDCA4B /* NewsAppTests.swift */,
			);
			path = NewsAppTests;
			sourceTree = "<group>";
		};
		A36DAB172D03B2DD00EDCA4B /* NewsAppUITests */ = {
			isa = PBXGroup;
			children = (
				A36DAB182D03B2DD00EDCA4B /* NewsAppUITests.swift */,
				A36DAB1A2D03B2DD00EDCA4B /* NewsAppUITestsLaunchTests.swift */,
			);
			path = NewsAppUITests;
			sourceTree = "<group>";
		};
		A36DAB272D03BBE300EDCA4B /* Models */ = {
			isa = PBXGroup;
			children = (
				A36DAB282D03BBFE00EDCA4B /* NewsArticle.swift */,
			);
			path = Models;
			sourceTree = "<group>";
		};
		A36DAB2A2D03BD4900EDCA4B /* Views */ = {
			isa = PBXGroup;
			children = (
				A36DAB2E2D03C38100EDCA4B /* NewsListViewController.swift */,
				A36DAB352D03D31C00EDCA4B /* NewsListTableViewCell.swift */,
			);
			path = Views;
			sourceTree = "<group>";
		};
		A36DAB2B2D03BD5100EDCA4B /* ViewModels */ = {
			isa = PBXGroup;
			children = (
				A36DAB2C2D03C12700EDCA4B /* NewsListViewModel.swift */,
			);
			path = ViewModels;
			sourceTree = "<group>";
		};
/* End PBXGroup section */

/* Begin PBXNativeTarget section */
		A36DAAF32D03B2DA00EDCA4B /* NewsApp */ = {
			isa = PBXNativeTarget;
			buildConfigurationList = A36DAB1E2D03B2DD00EDCA4B /* Build configuration list for PBXNativeTarget "NewsApp" */;
			buildPhases = (
				A36DAAF02D03B2DA00EDCA4B /* Sources */,
				A36DAAF12D03B2DA00EDCA4B /* Frameworks */,
				A36DAAF22D03B2DA00EDCA4B /* Resources */,
			);
			buildRules = (
			);
			dependencies = (
			);
			name = NewsApp;
			packageProductDependencies = (
				A36DAB312D03C48300EDCA4B /* SnapKit */,
				A36DAB332D03C48300EDCA4B /* SnapKit-Dynamic */,
			);
			productName = NewsApp;
			productReference = A36DAAF42D03B2DA00EDCA4B /* NewsApp.app */;
			productType = "com.apple.product-type.application";
		};
		A36DAB092D03B2DD00EDCA4B /* NewsAppTests */ = {
			isa = PBXNativeTarget;
			buildConfigurationList = A36DAB212D03B2DD00EDCA4B /* Build configuration list for PBXNativeTarget "NewsAppTests" */;
			buildPhases = (
				A36DAB062D03B2DD00EDCA4B /* Sources */,
				A36DAB072D03B2DD00EDCA4B /* Frameworks */,
				A36DAB082D03B2DD00EDCA4B /* Resources */,
			);
			buildRules = (
			);
			dependencies = (
				A36DAB0C2D03B2DD00EDCA4B /* PBXTargetDependency */,
			);
			name = NewsAppTests;
			productName = NewsAppTests;
			productReference = A36DAB0A2D03B2DD00EDCA4B /* NewsAppTests.xctest */;
			productType = "com.apple.product-type.bundle.unit-test";
		};
		A36DAB132D03B2DD00EDCA4B /* NewsAppUITests */ = {
			isa = PBXNativeTarget;
			buildConfigurationList = A36DAB242D03B2DD00EDCA4B /* Build configuration list for PBXNativeTarget "NewsAppUITests" */;
			buildPhases = (
				A36DAB102D03B2DD00EDCA4B /* Sources */,
				A36DAB112D03B2DD00EDCA4B /* Frameworks */,
				A36DAB122D03B2DD00EDCA4B /* Resources */,
			);
			buildRules = (
			);
			dependencies = (
				A36DAB162D03B2DD00EDCA4B /* PBXTargetDependency */,
			);
			name = NewsAppUITests;
			productName = NewsAppUITests;
			productReference = A36DAB142D03B2DD00EDCA4B /* NewsAppUITests.xctest */;
			productType = "com.apple.product-type.bundle.ui-testing";
		};
/* End PBXNativeTarget section */

/* Begin PBXProject section */
		A36DAAEC2D03B2DA00EDCA4B /* Project object */ = {
			isa = PBXProject;
			attributes = {
				BuildIndependentTargetsInParallel = 1;
				LastSwiftUpdateCheck = 1520;
				LastUpgradeCheck = 1520;
				TargetAttributes = {
					A36DAAF32D03B2DA00EDCA4B = {
						CreatedOnToolsVersion = 15.2;
					};
					A36DAB092D03B2DD00EDCA4B = {
						CreatedOnToolsVersion = 15.2;
						TestTargetID = A36DAAF32D03B2DA00EDCA4B;
					};
					A36DAB132D03B2DD00EDCA4B = {
						CreatedOnToolsVersion = 15.2;
						TestTargetID = A36DAAF32D03B2DA00EDCA4B;
					};
				};
			};
			buildConfigurationList = A36DAAEF2D03B2DA00EDCA4B /* Build configuration list for PBXProject "NewsApp" */;
			compatibilityVersion = "Xcode 14.0";
			developmentRegion = en;
			hasScannedForEncodings = 0;
			knownRegions = (
				en,
				Base,
			);
			mainGroup = A36DAAEB2D03B2DA00EDCA4B;
			packageReferences = (
				A36DAB302D03C48300EDCA4B /* XCRemoteSwiftPackageReference "SnapKit" */,
			);
			productRefGroup = A36DAAF52D03B2DA00EDCA4B /* Products */;
			projectDirPath = "";
			projectRoot = "";
			targets = (
				A36DAAF32D03B2DA00EDCA4B /* NewsApp */,
				A36DAB092D03B2DD00EDCA4B /* NewsAppTests */,
				A36DAB132D03B2DD00EDCA4B /* NewsAppUITests */,
			);
		};
/* End PBXProject section */

/* Begin PBXResourcesBuildPhase section */
		A36DAAF22D03B2DA00EDCA4B /* Resources */ = {
			isa = PBXResourcesBuildPhase;
			buildActionMask = 2147483647;
			files = (
				A36DAB042D03B2DC00EDCA4B /* LaunchScreen.storyboard in Resources */,
				A36DAB012D03B2DC00EDCA4B /* Assets.xcassets in Resources */,
			);
			runOnlyForDeploymentPostprocessing = 0;
		};
		A36DAB082D03B2DD00EDCA4B /* Resources */ = {
			isa = PBXResourcesBuildPhase;
			buildActionMask = 2147483647;
			files = (
			);
			runOnlyForDeploymentPostprocessing = 0;
		};
		A36DAB122D03B2DD00EDCA4B /* Resources */ = {
			isa = PBXResourcesBuildPhase;
			buildActionMask = 2147483647;
			files = (
			);
			runOnlyForDeploymentPostprocessing = 0;
		};
/* End PBXResourcesBuildPhase section */

/* Begin PBXSourcesBuildPhase section */
		A36DAAF02D03B2DA00EDCA4B /* Sources */ = {
			isa = PBXSourcesBuildPhase;
			buildActionMask = 2147483647;
			files = (
				A36DAAFC2D03B2DA00EDCA4B /* ViewController.swift in Sources */,
				A36DAB292D03BBFE00EDCA4B /* NewsArticle.swift in Sources */,
				A36DAB2D2D03C12700EDCA4B /* NewsListViewModel.swift in Sources */,
				A36DAB2F2D03C38100EDCA4B /* NewsListViewController.swift in Sources */,
				A36DAAF82D03B2DA00EDCA4B /* AppDelegate.swift in Sources */,
				A36DAB362D03D31C00EDCA4B /* NewsListTableViewCell.swift in Sources */,
				A36DAAFA2D03B2DA00EDCA4B /* SceneDelegate.swift in Sources */,
			);
			runOnlyForDeploymentPostprocessing = 0;
		};
		A36DAB062D03B2DD00EDCA4B /* Sources */ = {
			isa = PBXSourcesBuildPhase;
			buildActionMask = 2147483647;
			files = (
				A36DAB0F2D03B2DD00EDCA4B /* NewsAppTests.swift in Sources */,
			);
			runOnlyForDeploymentPostprocessing = 0;
		};
		A36DAB102D03B2DD00EDCA4B /* Sources */ = {
			isa = PBXSourcesBuildPhase;
			buildActionMask = 2147483647;
			files = (
				A36DAB192D03B2DD00EDCA4B /* NewsAppUITests.swift in Sources */,
				A36DAB1B2D03B2DD00EDCA4B /* NewsAppUITestsLaunchTests.swift in Sources */,
			);
			runOnlyForDeploymentPostprocessing = 0;
		};
/* End PBXSourcesBuildPhase section */

/* Begin PBXTargetDependency section */
		A36DAB0C2D03B2DD00EDCA4B /* PBXTargetDependency */ = {
			isa = PBXTargetDependency;
			target = A36DAAF32D03B2DA00EDCA4B /* NewsApp */;
			targetProxy = A36DAB0B2D03B2DD00EDCA4B /* PBXContainerItemProxy */;
		};
		A36DAB162D03B2DD00EDCA4B /* PBXTargetDependency */ = {
			isa = PBXTargetDependency;
			target = A36DAAF32D03B2DA00EDCA4B /* NewsApp */;
			targetProxy = A36DAB152D03B2DD00EDCA4B /* PBXContainerItemProxy */;
		};
/* End PBXTargetDependency section */

/* Begin PBXVariantGroup section */
		A36DAB022D03B2DC00EDCA4B /* LaunchScreen.storyboard */ = {
			isa = PBXVariantGroup;
			children = (
				A36DAB032D03B2DC00EDCA4B /* Base */,
			);
			name = LaunchScreen.storyboard;
			sourceTree = "<group>";
		};
/* End PBXVariantGroup section */

/* Begin XCBuildConfiguration section */
		A36DAB1C2D03B2DD00EDCA4B /* Debug */ = {
			isa = XCBuildConfiguration;
			buildSettings = {
				ALWAYS_SEARCH_USER_PATHS = NO;
				ASSETCATALOG_COMPILER_GENERATE_SWIFT_ASSET_SYMBOL_EXTENSIONS = YES;
				CLANG_ANALYZER_NONNULL = YES;
				CLANG_ANALYZER_NUMBER_OBJECT_CONVERSION = YES_AGGRESSIVE;
				CLANG_CXX_LANGUAGE_STANDARD = "gnu++20";
				CLANG_ENABLE_MODULES = YES;
				CLANG_ENABLE_OBJC_ARC = YES;
				CLANG_ENABLE_OBJC_WEAK = YES;
				CLANG_WARN_BLOCK_CAPTURE_AUTORELEASING = YES;
				CLANG_WARN_BOOL_CONVERSION = YES;
				CLANG_WARN_COMMA = YES;
				CLANG_WARN_CONSTANT_CONVERSION = YES;
				CLANG_WARN_DEPRECATED_OBJC_IMPLEMENTATIONS = YES;
				CLANG_WARN_DIRECT_OBJC_ISA_USAGE = YES_ERROR;
				CLANG_WARN_DOCUMENTATION_COMMENTS = YES;
				CLANG_WARN_EMPTY_BODY = YES;
				CLANG_WARN_ENUM_CONVERSION = YES;
				CLANG_WARN_INFINITE_RECURSION = YES;
				CLANG_WARN_INT_CONVERSION = YES;
				CLANG_WARN_NON_LITERAL_NULL_CONVERSION = YES;
				CLANG_WARN_OBJC_IMPLICIT_RETAIN_SELF = YES;
				CLANG_WARN_OBJC_LITERAL_CONVERSION = YES;
				CLANG_WARN_OBJC_ROOT_CLASS = YES_ERROR;
				CLANG_WARN_QUOTED_INCLUDE_IN_FRAMEWORK_HEADER = YES;
				CLANG_WARN_RANGE_LOOP_ANALYSIS = YES;
				CLANG_WARN_STRICT_PROTOTYPES = YES;
				CLANG_WARN_SUSPICIOUS_MOVE = YES;
				CLANG_WARN_UNGUARDED_AVAILABILITY = YES_AGGRESSIVE;
				CLANG_WARN_UNREACHABLE_CODE = YES;
				CLANG_WARN__DUPLICATE_METHOD_MATCH = YES;
				COPY_PHASE_STRIP = NO;
				DEBUG_INFORMATION_FORMAT = dwarf;
				ENABLE_STRICT_OBJC_MSGSEND = YES;
				ENABLE_TESTABILITY = YES;
				ENABLE_USER_SCRIPT_SANDBOXING = YES;
				GCC_C_LANGUAGE_STANDARD = gnu17;
				GCC_DYNAMIC_NO_PIC = NO;
				GCC_NO_COMMON_BLOCKS = YES;
				GCC_OPTIMIZATION_LEVEL = 0;
				GCC_PREPROCESSOR_DEFINITIONS = (
					"DEBUG=1",
					"$(inherited)",
				);
				GCC_WARN_64_TO_32_BIT_CONVERSION = YES;
				GCC_WARN_ABOUT_RETURN_TYPE = YES_ERROR;
				GCC_WARN_UNDECLARED_SELECTOR = YES;
				GCC_WARN_UNINITIALIZED_AUTOS = YES_AGGRESSIVE;
				GCC_WARN_UNUSED_FUNCTION = YES;
				GCC_WARN_UNUSED_VARIABLE = YES;
				IPHONEOS_DEPLOYMENT_TARGET = 17.2;
				LOCALIZATION_PREFERS_STRING_CATALOGS = YES;
				MTL_ENABLE_DEBUG_INFO = INCLUDE_SOURCE;
				MTL_FAST_MATH = YES;
				ONLY_ACTIVE_ARCH = YES;
				SDKROOT = iphoneos;
				SWIFT_ACTIVE_COMPILATION_CONDITIONS = "DEBUG $(inherited)";
				SWIFT_OPTIMIZATION_LEVEL = "-Onone";
			};
			name = Debug;
		};
		A36DAB1D2D03B2DD00EDCA4B /* Release */ = {
			isa = XCBuildConfiguration;
			buildSettings = {
				ALWAYS_SEARCH_USER_PATHS = NO;
				ASSETCATALOG_COMPILER_GENERATE_SWIFT_ASSET_SYMBOL_EXTENSIONS = YES;
				CLANG_ANALYZER_NONNULL = YES;
				CLANG_ANALYZER_NUMBER_OBJECT_CONVERSION = YES_AGGRESSIVE;
				CLANG_CXX_LANGUAGE_STANDARD = "gnu++20";
				CLANG_ENABLE_MODULES = YES;
				CLANG_ENABLE_OBJC_ARC = YES;
				CLANG_ENABLE_OBJC_WEAK = YES;
				CLANG_WARN_BLOCK_CAPTURE_AUTORELEASING = YES;
				CLANG_WARN_BOOL_CONVERSION = YES;
				CLANG_WARN_COMMA = YES;
				CLANG_WARN_CONSTANT_CONVERSION = YES;
				CLANG_WARN_DEPRECATED_OBJC_IMPLEMENTATIONS = YES;
				CLANG_WARN_DIRECT_OBJC_ISA_USAGE = YES_ERROR;
				CLANG_WARN_DOCUMENTATION_COMMENTS = YES;
				CLANG_WARN_EMPTY_BODY = YES;
				CLANG_WARN_ENUM_CONVERSION = YES;
				CLANG_WARN_INFINITE_RECURSION = YES;
				CLANG_WARN_INT_CONVERSION = YES;
				CLANG_WARN_NON_LITERAL_NULL_CONVERSION = YES;
				CLANG_WARN_OBJC_IMPLICIT_RETAIN_SELF = YES;
				CLANG_WARN_OBJC_LITERAL_CONVERSION = YES;
				CLANG_WARN_OBJC_ROOT_CLASS = YES_ERROR;
				CLANG_WARN_QUOTED_INCLUDE_IN_FRAMEWORK_HEADER = YES;
				CLANG_WARN_RANGE_LOOP_ANALYSIS = YES;
				CLANG_WARN_STRICT_PROTOTYPES = YES;
				CLANG_WARN_SUSPICIOUS_MOVE = YES;
				CLANG_WARN_UNGUARDED_AVAILABILITY = YES_AGGRESSIVE;
				CLANG_WARN_UNREACHABLE_CODE = YES;
				CLANG_WARN__DUPLICATE_METHOD_MATCH = YES;
				COPY_PHASE_STRIP = NO;
				DEBUG_INFORMATION_FORMAT = "dwarf-with-dsym";
				ENABLE_NS_ASSERTIONS = NO;
				ENABLE_STRICT_OBJC_MSGSEND = YES;
				ENABLE_USER_SCRIPT_SANDBOXING = YES;
				GCC_C_LANGUAGE_STANDARD = gnu17;
				GCC_NO_COMMON_BLOCKS = YES;
				GCC_WARN_64_TO_32_BIT_CONVERSION = YES;
				GCC_WARN_ABOUT_RETURN_TYPE = YES_ERROR;
				GCC_WARN_UNDECLARED_SELECTOR = YES;
				GCC_WARN_UNINITIALIZED_AUTOS = YES_AGGRESSIVE;
				GCC_WARN_UNUSED_FUNCTION = YES;
				GCC_WARN_UNUSED_VARIABLE = YES;
				IPHONEOS_DEPLOYMENT_TARGET = 17.2;
				LOCALIZATION_PREFERS_STRING_CATALOGS = YES;
				MTL_ENABLE_DEBUG_INFO = NO;
				MTL_FAST_MATH = YES;
				SDKROOT = iphoneos;
				SWIFT_COMPILATION_MODE = wholemodule;
				VALIDATE_PRODUCT = YES;
			};
			name = Release;
		};
		A36DAB1F2D03B2DD00EDCA4B /* Debug */ = {
			isa = XCBuildConfiguration;
			buildSettings = {
				ASSETCATALOG_COMPILER_APPICON_NAME = AppIcon;
				ASSETCATALOG_COMPILER_GLOBAL_ACCENT_COLOR_NAME = AccentColor;
				CODE_SIGN_STYLE = Automatic;
				CURRENT_PROJECT_VERSION = 1;
				DEVELOPMENT_TEAM = G4W2KDVQDQ;
				GENERATE_INFOPLIST_FILE = YES;
				INFOPLIST_FILE = NewsApp/Info.plist;
				INFOPLIST_KEY_UIApplicationSupportsIndirectInputEvents = YES;
				INFOPLIST_KEY_UILaunchStoryboardName = LaunchScreen;
				INFOPLIST_KEY_UIMainStoryboardFile = "";
				INFOPLIST_KEY_UISupportedInterfaceOrientations = UIInterfaceOrientationPortrait;
				INFOPLIST_KEY_UISupportedInterfaceOrientations_iPad = "UIInterfaceOrientationPortrait UIInterfaceOrientationPortraitUpsideDown";
				LD_RUNPATH_SEARCH_PATHS = (
					"$(inherited)",
					"@executable_path/Frameworks",
				);
				MARKETING_VERSION = 1.0;
				PRODUCT_BUNDLE_IDENTIFIER = sukmo.NewsApp;
				PRODUCT_NAME = "$(TARGET_NAME)";
				SWIFT_EMIT_LOC_STRINGS = YES;
				SWIFT_VERSION = 5.0;
				TARGETED_DEVICE_FAMILY = "1,2";
			};
			name = Debug;
		};
		A36DAB202D03B2DD00EDCA4B /* Release */ = {
			isa = XCBuildConfiguration;
			buildSettings = {
				ASSETCATALOG_COMPILER_APPICON_NAME = AppIcon;
				ASSETCATALOG_COMPILER_GLOBAL_ACCENT_COLOR_NAME = AccentColor;
				CODE_SIGN_STYLE = Automatic;
				CURRENT_PROJECT_VERSION = 1;
				DEVELOPMENT_TEAM = G4W2KDVQDQ;
				GENERATE_INFOPLIST_FILE = YES;
				INFOPLIST_FILE = NewsApp/Info.plist;
				INFOPLIST_KEY_UIApplicationSupportsIndirectInputEvents = YES;
				INFOPLIST_KEY_UILaunchStoryboardName = LaunchScreen;
				INFOPLIST_KEY_UIMainStoryboardFile = "";
				INFOPLIST_KEY_UISupportedInterfaceOrientations = UIInterfaceOrientationPortrait;
				INFOPLIST_KEY_UISupportedInterfaceOrientations_iPad = "UIInterfaceOrientationPortrait UIInterfaceOrientationPortraitUpsideDown";
				LD_RUNPATH_SEARCH_PATHS = (
					"$(inherited)",
					"@executable_path/Frameworks",
				);
				MARKETING_VERSION = 1.0;
				PRODUCT_BUNDLE_IDENTIFIER = sukmo.NewsApp;
				PRODUCT_NAME = "$(TARGET_NAME)";
				SWIFT_EMIT_LOC_STRINGS = YES;
				SWIFT_VERSION = 5.0;
				TARGETED_DEVICE_FAMILY = "1,2";
			};
			name = Release;
		};
		A36DAB222D03B2DD00EDCA4B /* Debug */ = {
			isa = XCBuildConfiguration;
			buildSettings = {
				ALWAYS_EMBED_SWIFT_STANDARD_LIBRARIES = YES;
				BUNDLE_LOADER = "$(TEST_HOST)";
				CODE_SIGN_STYLE = Automatic;
				CURRENT_PROJECT_VERSION = 1;
				DEVELOPMENT_TEAM = G4W2KDVQDQ;
				GENERATE_INFOPLIST_FILE = YES;
				IPHONEOS_DEPLOYMENT_TARGET = 17.2;
				MARKETING_VERSION = 1.0;
				PRODUCT_BUNDLE_IDENTIFIER = sukmo.NewsAppTests;
				PRODUCT_NAME = "$(TARGET_NAME)";
				SWIFT_EMIT_LOC_STRINGS = NO;
				SWIFT_VERSION = 5.0;
				TARGETED_DEVICE_FAMILY = "1,2";
				TEST_HOST = "$(BUILT_PRODUCTS_DIR)/NewsApp.app/$(BUNDLE_EXECUTABLE_FOLDER_PATH)/NewsApp";
			};
			name = Debug;
		};
		A36DAB232D03B2DD00EDCA4B /* Release */ = {
			isa = XCBuildConfiguration;
			buildSettings = {
				ALWAYS_EMBED_SWIFT_STANDARD_LIBRARIES = YES;
				BUNDLE_LOADER = "$(TEST_HOST)";
				CODE_SIGN_STYLE = Automatic;
				CURRENT_PROJECT_VERSION = 1;
				DEVELOPMENT_TEAM = G4W2KDVQDQ;
				GENERATE_INFOPLIST_FILE = YES;
				IPHONEOS_DEPLOYMENT_TARGET = 17.2;
				MARKETING_VERSION = 1.0;
				PRODUCT_BUNDLE_IDENTIFIER = sukmo.NewsAppTests;
				PRODUCT_NAME = "$(TARGET_NAME)";
				SWIFT_EMIT_LOC_STRINGS = NO;
				SWIFT_VERSION = 5.0;
				TARGETED_DEVICE_FAMILY = "1,2";
				TEST_HOST = "$(BUILT_PRODUCTS_DIR)/NewsApp.app/$(BUNDLE_EXECUTABLE_FOLDER_PATH)/NewsApp";
			};
			name = Release;
		};
		A36DAB252D03B2DD00EDCA4B /* Debug */ = {
			isa = XCBuildConfiguration;
			buildSettings = {
				ALWAYS_EMBED_SWIFT_STANDARD_LIBRARIES = YES;
				CODE_SIGN_STYLE = Automatic;
				CURRENT_PROJECT_VERSION = 1;
				DEVELOPMENT_TEAM = G4W2KDVQDQ;
				GENERATE_INFOPLIST_FILE = YES;
				MARKETING_VERSION = 1.0;
				PRODUCT_BUNDLE_IDENTIFIER = sukmo.NewsAppUITests;
				PRODUCT_NAME = "$(TARGET_NAME)";
				SWIFT_EMIT_LOC_STRINGS = NO;
				SWIFT_VERSION = 5.0;
				TARGETED_DEVICE_FAMILY = "1,2";
				TEST_TARGET_NAME = NewsApp;
			};
			name = Debug;
		};
		A36DAB262D03B2DD00EDCA4B /* Release */ = {
			isa = XCBuildConfiguration;
			buildSettings = {
				ALWAYS_EMBED_SWIFT_STANDARD_LIBRARIES = YES;
				CODE_SIGN_STYLE = Automatic;
				CURRENT_PROJECT_VERSION = 1;
				DEVELOPMENT_TEAM = G4W2KDVQDQ;
				GENERATE_INFOPLIST_FILE = YES;
				MARKETING_VERSION = 1.0;
				PRODUCT_BUNDLE_IDENTIFIER = sukmo.NewsAppUITests;
				PRODUCT_NAME = "$(TARGET_NAME)";
				SWIFT_EMIT_LOC_STRINGS = NO;
				SWIFT_VERSION = 5.0;
				TARGETED_DEVICE_FAMILY = "1,2";
				TEST_TARGET_NAME = NewsApp;
			};
			name = Release;
		};
/* End XCBuildConfiguration section */

/* Begin XCConfigurationList section */
		A36DAAEF2D03B2DA00EDCA4B /* Build configuration list for PBXProject "NewsApp" */ = {
			isa = XCConfigurationList;
			buildConfigurations = (
				A36DAB1C2D03B2DD00EDCA4B /* Debug */,
				A36DAB1D2D03B2DD00EDCA4B /* Release */,
			);
			defaultConfigurationIsVisible = 0;
			defaultConfigurationName = Release;
		};
		A36DAB1E2D03B2DD00EDCA4B /* Build configuration list for PBXNativeTarget "NewsApp" */ = {
			isa = XCConfigurationList;
			buildConfigurations = (
				A36DAB1F2D03B2DD00EDCA4B /* Debug */,
				A36DAB202D03B2DD00EDCA4B /* Release */,
			);
			defaultConfigurationIsVisible = 0;
			defaultConfigurationName = Release;
		};
		A36DAB212D03B2DD00EDCA4B /* Build configuration list for PBXNativeTarget "NewsAppTests" */ = {
			isa = XCConfigurationList;
			buildConfigurations = (
				A36DAB222D03B2DD00EDCA4B /* Debug */,
				A36DAB232D03B2DD00EDCA4B /* Release */,
			);
			defaultConfigurationIsVisible = 0;
			defaultConfigurationName = Release;
		};
		A36DAB242D03B2DD00EDCA4B /* Build configuration list for PBXNativeTarget "NewsAppUITests" */ = {
			isa = XCConfigurationList;
			buildConfigurations = (
				A36DAB252D03B2DD00EDCA4B /* Debug */,
				A36DAB262D03B2DD00EDCA4B /* Release */,
			);
			defaultConfigurationIsVisible = 0;
			defaultConfigurationName = Release;
		};
/* End XCConfigurationList section */

/* Begin XCRemoteSwiftPackageReference section */
		A36DAB302D03C48300EDCA4B /* XCRemoteSwiftPackageReference "SnapKit" */ = {
			isa = XCRemoteSwiftPackageReference;
			repositoryURL = "https://github.com/SnapKit/SnapKit.git";
			requirement = {
				kind = upToNextMajorVersion;
				minimumVersion = 5.7.1;
			};
		};
/* End XCRemoteSwiftPackageReference section */

/* Begin XCSwiftPackageProductDependency section */
		A36DAB312D03C48300EDCA4B /* SnapKit */ = {
			isa = XCSwiftPackageProductDependency;
			package = A36DAB302D03C48300EDCA4B /* XCRemoteSwiftPackageReference "SnapKit" */;
			productName = SnapKit;
		};
		A36DAB332D03C48300EDCA4B /* SnapKit-Dynamic */ = {
			isa = XCSwiftPackageProductDependency;
			package = A36DAB302D03C48300EDCA4B /* XCRemoteSwiftPackageReference "SnapKit" */;
			productName = "SnapKit-Dynamic";
		};
/* End XCSwiftPackageProductDependency section */
	};
	rootObject = A36DAAEC2D03B2DA00EDCA4B /* Project object */;
}
